{
  "version": 4,
  "terraform_version": "0.14.6",
  "serial": 7,
  "lineage": "a5d25c2d-f784-86bc-a55b-ecb2c3005764",
  "outputs": {},
  "resources": [
    {
      "mode": "managed",
      "type": "aws_subnet",
      "name": "tfsubnet-1",
      "provider": "provider[\"registry.terraform.io/hashicorp/aws\"]",
      "instances": [
        {
          "schema_version": 1,
          "attributes": {
            "arn": "arn:aws:ec2:ap-south-1:656731377955:subnet/subnet-0c7eff2428ea43360",
            "assign_ipv6_address_on_creation": false,
            "availability_zone": "ap-south-1a",
            "availability_zone_id": "aps1-az1",
            "cidr_block": "192.168.1.0/26",
            "customer_owned_ipv4_pool": "",
            "id": "subnet-0c7eff2428ea43360",
            "ipv6_cidr_block": "",
            "ipv6_cidr_block_association_id": "",
            "map_customer_owned_ip_on_launch": false,
            "map_public_ip_on_launch": false,
            "outpost_arn": "",
            "owner_id": "656731377955",
            "tags": {
              "Name": "tflabs-public-1a",
              "mode_of_creation": "Terraform"
            },
            "tags_all": {
              "Name": "tflabs-public-1a",
              "mode_of_creation": "Terraform"
            },
            "timeouts": null,
            "vpc_id": "vpc-0d58e01886844a902"
          },
          "sensitive_attributes": [],
          "private": "eyJlMmJmYjczMC1lY2FhLTExZTYtOGY4OC0zNDM2M2JjN2M0YzAiOnsiY3JlYXRlIjo2MDAwMDAwMDAwMDAsImRlbGV0ZSI6MTIwMDAwMDAwMDAwMH0sInNjaGVtYV92ZXJzaW9uIjoiMSJ9",
          "dependencies": [
            "aws_vpc.tfvpc"
          ]
        }
      ]
    },
    {
      "mode": "managed",
      "type": "aws_subnet",
      "name": "tfsubnet-2",
      "provider": "provider[\"registry.terraform.io/hashicorp/aws\"]",
      "instances": [
        {
          "schema_version": 1,
          "attributes": {
            "arn": "arn:aws:ec2:ap-south-1:656731377955:subnet/subnet-0c396781202eb4303",
            "assign_ipv6_address_on_creation": false,
            "availability_zone": "ap-south-1b",
            "availability_zone_id": "aps1-az3",
            "cidr_block": "192.168.1.64/26",
            "customer_owned_ipv4_pool": "",
            "id": "subnet-0c396781202eb4303",
            "ipv6_cidr_block": "",
            "ipv6_cidr_block_association_id": "",
            "map_customer_owned_ip_on_launch": false,
            "map_public_ip_on_launch": false,
            "outpost_arn": "",
            "owner_id": "656731377955",
            "tags": {
              "Name": "tflabs-public-1b",
              "mode_of_creation": "Terraform"
            },
            "tags_all": {
              "Name": "tflabs-public-1b",
              "mode_of_creation": "Terraform"
            },
            "timeouts": null,
            "vpc_id": "vpc-0d58e01886844a902"
          },
          "sensitive_attributes": [],
          "private": "eyJlMmJmYjczMC1lY2FhLTExZTYtOGY4OC0zNDM2M2JjN2M0YzAiOnsiY3JlYXRlIjo2MDAwMDAwMDAwMDAsImRlbGV0ZSI6MTIwMDAwMDAwMDAwMH0sInNjaGVtYV92ZXJzaW9uIjoiMSJ9",
          "dependencies": [
            "aws_vpc.tfvpc"
          ]
        }
      ]
    },
    {
      "mode": "managed",
      "type": "aws_subnet",
      "name": "tfsubnet-3",
      "provider": "provider[\"registry.terraform.io/hashicorp/aws\"]",
      "instances": [
        {
          "schema_version": 1,
          "attributes": {
            "arn": "arn:aws:ec2:ap-south-1:656731377955:subnet/subnet-0361d4d59605b36f1",
            "assign_ipv6_address_on_creation": false,
            "availability_zone": "ap-south-1a",
            "availability_zone_id": "aps1-az1",
            "cidr_block": "192.168.1.128/26",
            "customer_owned_ipv4_pool": "",
            "id": "subnet-0361d4d59605b36f1",
            "ipv6_cidr_block": "",
            "ipv6_cidr_block_association_id": "",
            "map_customer_owned_ip_on_launch": false,
            "map_public_ip_on_launch": false,
            "outpost_arn": "",
            "owner_id": "656731377955",
            "tags": {
              "Name": "tflabs-private-1a",
              "mode_of_creation": "Terraform"
            },
            "tags_all": {
              "Name": "tflabs-private-1a",
              "mode_of_creation": "Terraform"
            },
            "timeouts": null,
            "vpc_id": "vpc-0d58e01886844a902"
          },
          "sensitive_attributes": [],
          "private": "eyJlMmJmYjczMC1lY2FhLTExZTYtOGY4OC0zNDM2M2JjN2M0YzAiOnsiY3JlYXRlIjo2MDAwMDAwMDAwMDAsImRlbGV0ZSI6MTIwMDAwMDAwMDAwMH0sInNjaGVtYV92ZXJzaW9uIjoiMSJ9",
          "dependencies": [
            "aws_vpc.tfvpc"
          ]
        }
      ]
    },
    {
      "mode": "managed",
      "type": "aws_subnet",
      "name": "tfsubnet-4",
      "provider": "provider[\"registry.terraform.io/hashicorp/aws\"]",
      "instances": [
        {
          "schema_version": 1,
          "attributes": {
            "arn": "arn:aws:ec2:ap-south-1:656731377955:subnet/subnet-000ee0b50fd15b207",
            "assign_ipv6_address_on_creation": false,
            "availability_zone": "ap-south-1b",
            "availability_zone_id": "aps1-az3",
            "cidr_block": "192.168.1.192/26",
            "customer_owned_ipv4_pool": "",
            "id": "subnet-000ee0b50fd15b207",
            "ipv6_cidr_block": "",
            "ipv6_cidr_block_association_id": "",
            "map_customer_owned_ip_on_launch": false,
            "map_public_ip_on_launch": false,
            "outpost_arn": "",
            "owner_id": "656731377955",
            "tags": {
              "Name": "tflabs-private-1b",
              "mode_of_creation": "Terraform"
            },
            "tags_all": {
              "Name": "tflabs-private-1b",
              "mode_of_creation": "Terraform"
            },
            "timeouts": null,
            "vpc_id": "vpc-0d58e01886844a902"
          },
          "sensitive_attributes": [],
          "private": "eyJlMmJmYjczMC1lY2FhLTExZTYtOGY4OC0zNDM2M2JjN2M0YzAiOnsiY3JlYXRlIjo2MDAwMDAwMDAwMDAsImRlbGV0ZSI6MTIwMDAwMDAwMDAwMH0sInNjaGVtYV92ZXJzaW9uIjoiMSJ9",
          "dependencies": [
            "aws_vpc.tfvpc"
          ]
        }
      ]
    },
    {
      "mode": "managed",
      "type": "aws_vpc",
      "name": "tfvpc",
      "provider": "provider[\"registry.terraform.io/hashicorp/aws\"]",
      "instances": [
        {
          "schema_version": 1,
          "attributes": {
            "arn": "arn:aws:ec2:ap-south-1:656731377955:vpc/vpc-0d58e01886844a902",
            "assign_generated_ipv6_cidr_block": false,
            "cidr_block": "192.168.1.0/24",
            "default_network_acl_id": "acl-096becd8ef8e84ec5",
            "default_route_table_id": "rtb-0a84a3e589d1f6482",
            "default_security_group_id": "sg-0702f195f60b553d3",
            "dhcp_options_id": "dopt-6fae6c04",
            "enable_classiclink": null,
            "enable_classiclink_dns_support": null,
            "enable_dns_hostnames": false,
            "enable_dns_support": true,
            "id": "vpc-0d58e01886844a902",
            "instance_tenancy": "default",
            "ipv6_association_id": "",
            "ipv6_cidr_block": "",
            "main_route_table_id": "rtb-0a84a3e589d1f6482",
            "owner_id": "656731377955",
            "tags": {
              "Name": "tflabs",
              "mode_of_creation": "Terraform"
            },
            "tags_all": {
              "Name": "tflabs",
              "mode_of_creation": "Terraform"
            }
          },
          "sensitive_attributes": [],
          "private": "eyJzY2hlbWFfdmVyc2lvbiI6IjEifQ=="
        }
      ]
    }
  ]
}
